Microsoft Visual Studio Solution File, Format Version 12.00
# Visual Studio Version 17
VisualStudioVersion = 17.5.2.0
MinimumVisualStudioVersion = 10.0.40219.1
Project("{FAE04EC0-301F-11D3-BF4B-00C04F79EFBC}") = "senai_090226", "senai_090226.csproj", "{351D16D5-E89F-1852-1D82-1DD1ED744BBA}"
EndProject
Global
	GlobalSection(SolutionConfigurationPlatforms) = preSolution
		Debug|Any CPU = Debug|Any CPU
		Release|Any CPU = Release|Any CPU
	EndGlobalSection
	GlobalSection(ProjectConfigurationPlatforms) = postSolution
		{351D16D5-E89F-1852-1D82-1DD1ED744BBA}.Debug|Any CPU.ActiveCfg = Debug|Any CPU
		{351D16D5-E89F-1852-1D82-1DD1ED744BBA}.Debug|Any CPU.Build.0 = Debug|Any CPU
		{351D16D5-E89F-1852-1D82-1DD1ED744BBA}.Release|Any CPU.ActiveCfg = Release|Any CPU
		{351D16D5-E89F-1852-1D82-1DD1ED744BBA}.Release|Any CPU.Build.0 = Release|Any CPU
	EndGlobalSection
	GlobalSection(SolutionProperties) = preSolution
		HideSolutionNode = FALSE
	EndGlobalSection
	GlobalSection(ExtensibilityGlobals) = postSolution
		SolutionGuid = {A8676944-D1DC-4B87-A5A7-F3736C83674F}
	EndGlobalSection
EndGlobal
